
Microsoft Visual Studio Solution File, Format Version 12.00
# Visual Studio Version 17
VisualStudioVersion = 17.5.33516.290
MinimumVisualStudioVersion = 10.0.40219.1
Project("{FAE04EC0-301F-11D3-BF4B-00C04F79EFBC}") = "Centhora-Hotels", "Centhora-Hotels.csproj", "{AE36165D-D78A-4799-82FC-4DECECE83834}"
EndProject
Global
	GlobalSection(SolutionConfigurationPlatforms) = preSolution
		Debug|Any CPU = Debug|Any CPU
		Release|Any CPU = Release|Any CPU
	EndGlobalSection
	GlobalSection(ProjectConfigurationPlatforms) = postSolution
		{AE36165D-D78A-4799-82FC-4DECECE83834}.Debug|Any CPU.ActiveCfg = Debug|Any CPU
		{AE36165D-D78A-4799-82FC-4DECECE83834}.Debug|Any CPU.Build.0 = Debug|Any CPU
		{AE36165D-D78A-4799-82FC-4DECECE83834}.Release|Any CPU.ActiveCfg = Release|Any CPU
		{AE36165D-D78A-4799-82FC-4DECECE83834}.Release|Any CPU.Build.0 = Release|Any CPU
	EndGlobalSection
	GlobalSection(SolutionProperties) = preSolution
		HideSolutionNode = FALSE
	EndGlobalSection
	GlobalSection(ExtensibilityGlobals) = postSolution
		SolutionGuid = {DAC23D77-FDDA-4E68-B4A7-73227FDCDD8A}
	EndGlobalSection
EndGlobal
